
Microsoft Visual Studio Solution File, Format Version 12.00
# Visual Studio Version 17
VisualStudioVersion = 17.10.34928.147
MinimumVisualStudioVersion = 10.0.40219.1
Project("{9A19103F-16F7-4668-BE54-9A1E7A4F7556}") = "IntroductionToBlazor", "IntroductionToBlazor\IntroductionToBlazor.csproj", "{0A6942C5-5F48-4438-ACF6-B423C90C7247}"
EndProject
Project("{9A19103F-16F7-4668-BE54-9A1E7A4F7556}") = "TODOlist", "TODOlist\TODOlist.csproj", "{7FE97DBD-1F89-4FE7-896F-1A089975F1E1}"
EndProject
Project("{FAE04EC0-301F-11D3-BF4B-00C04F79EFBC}") = "Movies", "Movies\Movies.csproj", "{004A0158-52ED-4C52-B653-951FB28AFC98}"
EndProject
Project("{FAE04EC0-301F-11D3-BF4B-00C04F79EFBC}") = "Academy", "Academy\Academy.csproj", "{310C3055-DF54-4A84-8633-DBB4FB47AF97}"
EndProject
Global
	GlobalSection(SolutionConfigurationPlatforms) = preSolution
		Debug|Any CPU = Debug|Any CPU
		Release|Any CPU = Release|Any CPU
	EndGlobalSection
	GlobalSection(ProjectConfigurationPlatforms) = postSolution
		{0A6942C5-5F48-4438-ACF6-B423C90C7247}.Debug|Any CPU.ActiveCfg = Debug|Any CPU
		{0A6942C5-5F48-4438-ACF6-B423C90C7247}.Debug|Any CPU.Build.0 = Debug|Any CPU
		{0A6942C5-5F48-4438-ACF6-B423C90C7247}.Release|Any CPU.ActiveCfg = Release|Any CPU
		{0A6942C5-5F48-4438-ACF6-B423C90C7247}.Release|Any CPU.Build.0 = Release|Any CPU
		{7FE97DBD-1F89-4FE7-896F-1A089975F1E1}.Debug|Any CPU.ActiveCfg = Debug|Any CPU
		{7FE97DBD-1F89-4FE7-896F-1A089975F1E1}.Debug|Any CPU.Build.0 = Debug|Any CPU
		{7FE97DBD-1F89-4FE7-896F-1A089975F1E1}.Release|Any CPU.ActiveCfg = Release|Any CPU
		{7FE97DBD-1F89-4FE7-896F-1A089975F1E1}.Release|Any CPU.Build.0 = Release|Any CPU
		{004A0158-52ED-4C52-B653-951FB28AFC98}.Debug|Any CPU.ActiveCfg = Debug|Any CPU
		{004A0158-52ED-4C52-B653-951FB28AFC98}.Debug|Any CPU.Build.0 = Debug|Any CPU
		{004A0158-52ED-4C52-B653-951FB28AFC98}.Release|Any CPU.ActiveCfg = Release|Any CPU
		{004A0158-52ED-4C52-B653-951FB28AFC98}.Release|Any CPU.Build.0 = Release|Any CPU
		{310C3055-DF54-4A84-8633-DBB4FB47AF97}.Debug|Any CPU.ActiveCfg = Debug|Any CPU
		{310C3055-DF54-4A84-8633-DBB4FB47AF97}.Debug|Any CPU.Build.0 = Debug|Any CPU
		{310C3055-DF54-4A84-8633-DBB4FB47AF97}.Release|Any CPU.ActiveCfg = Release|Any CPU
		{310C3055-DF54-4A84-8633-DBB4FB47AF97}.Release|Any CPU.Build.0 = Release|Any CPU
	EndGlobalSection
	GlobalSection(SolutionProperties) = preSolution
		HideSolutionNode = FALSE
	EndGlobalSection
	GlobalSection(ExtensibilityGlobals) = postSolution
		SolutionGuid = {1D751197-1625-4352-B84E-C8623629239F}
	EndGlobalSection
EndGlobal
